
Microsoft Visual Studio Solution File, Format Version 12.00
# Visual Studio Version 17
VisualStudioVersion = 17.11.35219.272
MinimumVisualStudioVersion = 10.0.40219.1
Project("{FAE04EC0-301F-11D3-BF4B-00C04F79EFBC}") = "EmprestimosLivros", "EmprestimosLivros\EmprestimosLivros.csproj", "{D5A0D096-EEBE-4574-A359-994DE43D69AD}"
EndProject
Global
	GlobalSection(SolutionConfigurationPlatforms) = preSolution
		Debug|Any CPU = Debug|Any CPU
		Release|Any CPU = Release|Any CPU
	EndGlobalSection
	GlobalSection(ProjectConfigurationPlatforms) = postSolution
		{D5A0D096-EEBE-4574-A359-994DE43D69AD}.Debug|Any CPU.ActiveCfg = Debug|Any CPU
		{D5A0D096-EEBE-4574-A359-994DE43D69AD}.Debug|Any CPU.Build.0 = Debug|Any CPU
		{D5A0D096-EEBE-4574-A359-994DE43D69AD}.Release|Any CPU.ActiveCfg = Release|Any CPU
		{D5A0D096-EEBE-4574-A359-994DE43D69AD}.Release|Any CPU.Build.0 = Release|Any CPU
	EndGlobalSection
	GlobalSection(SolutionProperties) = preSolution
		HideSolutionNode = FALSE
	EndGlobalSection
	GlobalSection(ExtensibilityGlobals) = postSolution
		SolutionGuid = {64450C54-F638-42C5-A09A-45E31FAB2217}
	EndGlobalSection
EndGlobal
